// !$*UTF8*$!
{
	archiveVersion = 1;
	classes = {
	};
	objectVersion = 50;
	objects = {

/* Begin PBXBuildFile section */
		87207A4821B001A600739E4D /* CommentsRepository.swift in Sources */ = {isa = PBXBuildFile; fileRef = 87207A4721B001A600739E4D /* CommentsRepository.swift */; };
		87207A4A21B011A700739E4D /* CommentsFeedPresenter.swift in Sources */ = {isa = PBXBuildFile; fileRef = 87207A4921B011A700739E4D /* CommentsFeedPresenter.swift */; };
		87AB19D921AEAA54008A7990 /* Coordinator.swift in Sources */ = {isa = PBXBuildFile; fileRef = 87AB19D821AEAA54008A7990 /* Coordinator.swift */; };
		87AB19DC21AEAADA008A7990 /* ApplicationFlowCoordinator.swift in Sources */ = {isa = PBXBuildFile; fileRef = 87AB19DB21AEAADA008A7990 /* ApplicationFlowCoordinator.swift */; };
		87AB19DF21AFE13C008A7990 /* LeaveCommentView.swift in Sources */ = {isa = PBXBuildFile; fileRef = 87AB19DE21AFE13C008A7990 /* LeaveCommentView.swift */; };
		87AB19E121AFE152008A7990 /* LeaveCommentView.xib in Resources */ = {isa = PBXBuildFile; fileRef = 87AB19E021AFE152008A7990 /* LeaveCommentView.xib */; };
		87AB19E421AFF90F008A7990 /* GoogleService-Info.plist in Resources */ = {isa = PBXBuildFile; fileRef = 87AB19E321AFF90F008A7990 /* GoogleService-Info.plist */; };
		87B015EB21ADA24E00FC47FA /* AppDelegate.swift in Sources */ = {isa = PBXBuildFile; fileRef = 87B015E721ADA24E00FC47FA /* AppDelegate.swift */; };
		87B015ED21ADA24E00FC47FA /* Assets.xcassets in Resources */ = {isa = PBXBuildFile; fileRef = 87B015EA21ADA24E00FC47FA /* Assets.xcassets */; };
		87F1551621ADA95D00C8C83D /* ViewControllerBase.swift in Sources */ = {isa = PBXBuildFile; fileRef = 87F1551521ADA95D00C8C83D /* ViewControllerBase.swift */; };
		87F1551821ADA96600C8C83D /* PresenterBase.swift in Sources */ = {isa = PBXBuildFile; fileRef = 87F1551721ADA96600C8C83D /* PresenterBase.swift */; };
		87F1551B21ADAAED00C8C83D /* LoginViewController.xib in Resources */ = {isa = PBXBuildFile; fileRef = 87F1551921ADAAED00C8C83D /* LoginViewController.xib */; };
		87F1551C21ADAAED00C8C83D /* LoginViewController.swift in Sources */ = {isa = PBXBuildFile; fileRef = 87F1551A21ADAAED00C8C83D /* LoginViewController.swift */; };
		87F1551E21ADAAF500C8C83D /* LoginViewPresenter.swift in Sources */ = {isa = PBXBuildFile; fileRef = 87F1551D21ADAAF500C8C83D /* LoginViewPresenter.swift */; };
		87F1552021ADAAFB00C8C83D /* LoginView.swift in Sources */ = {isa = PBXBuildFile; fileRef = 87F1551F21ADAAFA00C8C83D /* LoginView.swift */; };
		87F1552221ADB0ED00C8C83D /* LaunchScreen.xib in Resources */ = {isa = PBXBuildFile; fileRef = 87F1552121ADB0ED00C8C83D /* LaunchScreen.xib */; };
		87F1552621ADB93B00C8C83D /* MediaCaptureSelectionFlow.swift in Sources */ = {isa = PBXBuildFile; fileRef = 87F1552521ADB93B00C8C83D /* MediaCaptureSelectionFlow.swift */; };
		87F1552C21ADC2E900C8C83D /* CommentsFeedViewController.swift in Sources */ = {isa = PBXBuildFile; fileRef = 87F1552A21ADC2E900C8C83D /* CommentsFeedViewController.swift */; };
		87F1552D21ADC2E900C8C83D /* CommentsFeedViewController.xib in Resources */ = {isa = PBXBuildFile; fileRef = 87F1552B21ADC2E900C8C83D /* CommentsFeedViewController.xib */; };
		87F1553021ADC40600C8C83D /* CommentCell.swift in Sources */ = {isa = PBXBuildFile; fileRef = 87F1552E21ADC40600C8C83D /* CommentCell.swift */; };
		87F1553121ADC40600C8C83D /* CommentCell.xib in Resources */ = {isa = PBXBuildFile; fileRef = 87F1552F21ADC40600C8C83D /* CommentCell.xib */; };
		A776855B38554919552855DC /* Pods_Comments.framework in Frameworks */ = {isa = PBXBuildFile; fileRef = 962B5D22B0011DC654BBA3EE /* Pods_Comments.framework */; };
/* End PBXBuildFile section */

/* Begin PBXFileReference section */
		009454D3CDAB56B54683D654 /* Pods-Comments.debug.xcconfig */ = {isa = PBXFileReference; includeInIndex = 1; lastKnownFileType = text.xcconfig; name = "Pods-Comments.debug.xcconfig"; path = "Pods/Target Support Files/Pods-Comments/Pods-Comments.debug.xcconfig"; sourceTree = "<group>"; };
		87207A4721B001A600739E4D /* CommentsRepository.swift */ = {isa = PBXFileReference; lastKnownFileType = sourcecode.swift; path = CommentsRepository.swift; sourceTree = "<group>"; };
		87207A4921B011A700739E4D /* CommentsFeedPresenter.swift */ = {isa = PBXFileReference; lastKnownFileType = sourcecode.swift; path = CommentsFeedPresenter.swift; sourceTree = "<group>"; };
		87AB19D821AEAA54008A7990 /* Coordinator.swift */ = {isa = PBXFileReference; fileEncoding = 4; lastKnownFileType = sourcecode.swift; path = Coordinator.swift; sourceTree = "<group>"; };
		87AB19DB21AEAADA008A7990 /* ApplicationFlowCoordinator.swift */ = {isa = PBXFileReference; fileEncoding = 4; lastKnownFileType = sourcecode.swift; path = ApplicationFlowCoordinator.swift; sourceTree = "<group>"; };
		87AB19DE21AFE13C008A7990 /* LeaveCommentView.swift */ = {isa = PBXFileReference; lastKnownFileType = sourcecode.swift; path = LeaveCommentView.swift; sourceTree = "<group>"; };
		87AB19E021AFE152008A7990 /* LeaveCommentView.xib */ = {isa = PBXFileReference; lastKnownFileType = file.xib; path = LeaveCommentView.xib; sourceTree = "<group>"; };
		87AB19E321AFF90F008A7990 /* GoogleService-Info.plist */ = {isa = PBXFileReference; fileEncoding = 4; lastKnownFileType = text.plist.xml; path = "GoogleService-Info.plist"; sourceTree = "<group>"; };
		87B015CE21ADA20200FC47FA /* Comments.app */ = {isa = PBXFileReference; explicitFileType = wrapper.application; includeInIndex = 0; path = Comments.app; sourceTree = BUILT_PRODUCTS_DIR; };
		87B015E721ADA24E00FC47FA /* AppDelegate.swift */ = {isa = PBXFileReference; fileEncoding = 4; lastKnownFileType = sourcecode.swift; path = AppDelegate.swift; sourceTree = "<group>"; };
		87B015E821ADA24E00FC47FA /* Info.plist */ = {isa = PBXFileReference; fileEncoding = 4; lastKnownFileType = text.plist.xml; path = Info.plist; sourceTree = "<group>"; };
		87B015EA21ADA24E00FC47FA /* Assets.xcassets */ = {isa = PBXFileReference; lastKnownFileType = folder.assetcatalog; path = Assets.xcassets; sourceTree = "<group>"; };
		87F1551521ADA95D00C8C83D /* ViewControllerBase.swift */ = {isa = PBXFileReference; fileEncoding = 4; lastKnownFileType = sourcecode.swift; path = ViewControllerBase.swift; sourceTree = "<group>"; };
		87F1551721ADA96600C8C83D /* PresenterBase.swift */ = {isa = PBXFileReference; fileEncoding = 4; lastKnownFileType = sourcecode.swift; path = PresenterBase.swift; sourceTree = "<group>"; };
		87F1551921ADAAED00C8C83D /* LoginViewController.xib */ = {isa = PBXFileReference; fileEncoding = 4; lastKnownFileType = file.xib; path = LoginViewController.xib; sourceTree = "<group>"; };
		87F1551A21ADAAED00C8C83D /* LoginViewController.swift */ = {isa = PBXFileReference; fileEncoding = 4; lastKnownFileType = sourcecode.swift; path = LoginViewController.swift; sourceTree = "<group>"; };
		87F1551D21ADAAF500C8C83D /* LoginViewPresenter.swift */ = {isa = PBXFileReference; fileEncoding = 4; lastKnownFileType = sourcecode.swift; path = LoginViewPresenter.swift; sourceTree = "<group>"; };
		87F1551F21ADAAFA00C8C83D /* LoginView.swift */ = {isa = PBXFileReference; fileEncoding = 4; lastKnownFileType = sourcecode.swift; path = LoginView.swift; sourceTree = "<group>"; };
		87F1552121ADB0ED00C8C83D /* LaunchScreen.xib */ = {isa = PBXFileReference; lastKnownFileType = file.xib; path = LaunchScreen.xib; sourceTree = "<group>"; };
		87F1552521ADB93B00C8C83D /* MediaCaptureSelectionFlow.swift */ = {isa = PBXFileReference; fileEncoding = 4; lastKnownFileType = sourcecode.swift; path = MediaCaptureSelectionFlow.swift; sourceTree = "<group>"; };
		87F1552A21ADC2E900C8C83D /* CommentsFeedViewController.swift */ = {isa = PBXFileReference; lastKnownFileType = sourcecode.swift; path = CommentsFeedViewController.swift; sourceTree = "<group>"; };
		87F1552B21ADC2E900C8C83D /* CommentsFeedViewController.xib */ = {isa = PBXFileReference; lastKnownFileType = file.xib; path = CommentsFeedViewController.xib; sourceTree = "<group>"; };
		87F1552E21ADC40600C8C83D /* CommentCell.swift */ = {isa = PBXFileReference; lastKnownFileType = sourcecode.swift; path = CommentCell.swift; sourceTree = "<group>"; };
		87F1552F21ADC40600C8C83D /* CommentCell.xib */ = {isa = PBXFileReference; lastKnownFileType = file.xib; path = CommentCell.xib; sourceTree = "<group>"; };
		962B5D22B0011DC654BBA3EE /* Pods_Comments.framework */ = {isa = PBXFileReference; explicitFileType = wrapper.framework; includeInIndex = 0; path = Pods_Comments.framework; sourceTree = BUILT_PRODUCTS_DIR; };
		E33FEAB2724388985084A031 /* Pods-Comments.release.xcconfig */ = {isa = PBXFileReference; includeInIndex = 1; lastKnownFileType = text.xcconfig; name = "Pods-Comments.release.xcconfig"; path = "Pods/Target Support Files/Pods-Comments/Pods-Comments.release.xcconfig"; sourceTree = "<group>"; };
/* End PBXFileReference section */

/* Begin PBXFrameworksBuildPhase section */
		87B015CB21ADA20200FC47FA /* Frameworks */ = {
			isa = PBXFrameworksBuildPhase;
			buildActionMask = 2147483647;
			files = (
				A776855B38554919552855DC /* Pods_Comments.framework in Frameworks */,
			);
			runOnlyForDeploymentPostprocessing = 0;
		};
/* End PBXFrameworksBuildPhase section */

/* Begin PBXGroup section */
		4AD451041CFF51F7CD6C5107 /* Frameworks */ = {
			isa = PBXGroup;
			children = (
				962B5D22B0011DC654BBA3EE /* Pods_Comments.framework */,
			);
			name = Frameworks;
			sourceTree = "<group>";
		};
		87207A4521B0019300739E4D /* Services */ = {
			isa = PBXGroup;
			children = (
				87207A4621B0019300739E4D /* Repository */,
			);
			path = Services;
			sourceTree = "<group>";
		};
		87207A4621B0019300739E4D /* Repository */ = {
			isa = PBXGroup;
			children = (
				87207A4721B001A600739E4D /* CommentsRepository.swift */,
			);
			path = Repository;
			sourceTree = "<group>";
		};
		87AB19D721AEAA54008A7990 /* Coordinator */ = {
			isa = PBXGroup;
			children = (
				87AB19D821AEAA54008A7990 /* Coordinator.swift */,
			);
			path = Coordinator;
			sourceTree = "<group>";
		};
		87AB19DA21AEAADA008A7990 /* ApplicationFlowCoordinator */ = {
			isa = PBXGroup;
			children = (
				87AB19DB21AEAADA008A7990 /* ApplicationFlowCoordinator.swift */,
			);
			path = ApplicationFlowCoordinator;
			sourceTree = "<group>";
		};
		87AB19DD21AFE0DB008A7990 /* Controls */ = {
			isa = PBXGroup;
			children = (
				87AB19DE21AFE13C008A7990 /* LeaveCommentView.swift */,
				87AB19E021AFE152008A7990 /* LeaveCommentView.xib */,
			);
			path = Controls;
			sourceTree = "<group>";
		};
		87AB19E221AFF90F008A7990 /* Firebase */ = {
			isa = PBXGroup;
			children = (
				87AB19E321AFF90F008A7990 /* GoogleService-Info.plist */,
			);
			path = Firebase;
			sourceTree = "<group>";
		};
		87B015C521ADA20200FC47FA = {
			isa = PBXGroup;
			children = (
				87B015D021ADA20200FC47FA /* One com comments */,
				87B015CF21ADA20200FC47FA /* Products */,
				B5926B60838E137CD240D676 /* Pods */,
				4AD451041CFF51F7CD6C5107 /* Frameworks */,
			);
			sourceTree = "<group>";
		};
		87B015CF21ADA20200FC47FA /* Products */ = {
			isa = PBXGroup;
			children = (
				87B015CE21ADA20200FC47FA /* Comments.app */,
			);
			name = Products;
			sourceTree = "<group>";
		};
		87B015D021ADA20200FC47FA /* One com comments */ = {
			isa = PBXGroup;
			children = (
				87B015E621ADA24E00FC47FA /* Application */,
				87B015E321ADA24E00FC47FA /* Controllers */,
				87F1552321ADB93B00C8C83D /* Coordinators */,
				87B015E921ADA24E00FC47FA /* Resources */,
				87207A4521B0019300739E4D /* Services */,
				87F1551221ADA88500C8C83D /* Util */,
			);
			path = "One com comments";
			sourceTree = "<group>";
		};
		87B015E321ADA24E00FC47FA /* Controllers */ = {
			isa = PBXGroup;
			children = (
				87B015E421ADA24E00FC47FA /* Comments */,
				87B015E521ADA24E00FC47FA /* Login */,
			);
			path = Controllers;
			sourceTree = "<group>";
		};
		87B015E421ADA24E00FC47FA /* Comments */ = {
			isa = PBXGroup;
			children = (
				87F1552821ADC2B100C8C83D /* Cell */,
				87F1552921ADC2B100C8C83D /* Presenter */,
				87F1552721ADC2B100C8C83D /* ViewController */,
			);
			path = Comments;
			sourceTree = "<group>";
		};
		87B015E521ADA24E00FC47FA /* Login */ = {
			isa = PBXGroup;
			children = (
				87F1550F21ADA85A00C8C83D /* Controller */,
				87F1551021ADA85A00C8C83D /* Presenter */,
				87F1551121ADA85A00C8C83D /* View */,
			);
			path = Login;
			sourceTree = "<group>";
		};
		87B015E621ADA24E00FC47FA /* Application */ = {
			isa = PBXGroup;
			children = (
				87B015E721ADA24E00FC47FA /* AppDelegate.swift */,
				87B015E821ADA24E00FC47FA /* Info.plist */,
			);
			path = Application;
			sourceTree = "<group>";
		};
		87B015E921ADA24E00FC47FA /* Resources */ = {
			isa = PBXGroup;
			children = (
				87AB19E221AFF90F008A7990 /* Firebase */,
				87B015EA21ADA24E00FC47FA /* Assets.xcassets */,
				87F1552121ADB0ED00C8C83D /* LaunchScreen.xib */,
			);
			path = Resources;
			sourceTree = "<group>";
		};
		87F1550F21ADA85A00C8C83D /* Controller */ = {
			isa = PBXGroup;
			children = (
				87F1551A21ADAAED00C8C83D /* LoginViewController.swift */,
				87F1551921ADAAED00C8C83D /* LoginViewController.xib */,
			);
			path = Controller;
			sourceTree = "<group>";
		};
		87F1551021ADA85A00C8C83D /* Presenter */ = {
			isa = PBXGroup;
			children = (
				87F1551D21ADAAF500C8C83D /* LoginViewPresenter.swift */,
			);
			path = Presenter;
			sourceTree = "<group>";
		};
		87F1551121ADA85A00C8C83D /* View */ = {
			isa = PBXGroup;
			children = (
				87F1551F21ADAAFA00C8C83D /* LoginView.swift */,
			);
			path = View;
			sourceTree = "<group>";
		};
		87F1551221ADA88500C8C83D /* Util */ = {
			isa = PBXGroup;
			children = (
				87AB19DD21AFE0DB008A7990 /* Controls */,
				87AB19D721AEAA54008A7990 /* Coordinator */,
				87F1551321ADA88500C8C83D /* Controller */,
				87F1551421ADA8FD00C8C83D /* Presenter */,
			);
			path = Util;
			sourceTree = "<group>";
		};
		87F1551321ADA88500C8C83D /* Controller */ = {
			isa = PBXGroup;
			children = (
				87F1551521ADA95D00C8C83D /* ViewControllerBase.swift */,
			);
			path = Controller;
			sourceTree = "<group>";
		};
		87F1551421ADA8FD00C8C83D /* Presenter */ = {
			isa = PBXGroup;
			children = (
				87F1551721ADA96600C8C83D /* PresenterBase.swift */,
			);
			path = Presenter;
			sourceTree = "<group>";
		};
		87F1552321ADB93B00C8C83D /* Coordinators */ = {
			isa = PBXGroup;
			children = (
				87AB19DA21AEAADA008A7990 /* ApplicationFlowCoordinator */,
				87F1552421ADB93B00C8C83D /* MediaCapture */,
			);
			path = Coordinators;
			sourceTree = "<group>";
		};
		87F1552421ADB93B00C8C83D /* MediaCapture */ = {
			isa = PBXGroup;
			children = (
				87F1552521ADB93B00C8C83D /* MediaCaptureSelectionFlow.swift */,
			);
			path = MediaCapture;
			sourceTree = "<group>";
		};
		87F1552721ADC2B100C8C83D /* ViewController */ = {
			isa = PBXGroup;
			children = (
				87F1552A21ADC2E900C8C83D /* CommentsFeedViewController.swift */,
				87F1552B21ADC2E900C8C83D /* CommentsFeedViewController.xib */,
			);
			path = ViewController;
			sourceTree = "<group>";
		};
		87F1552821ADC2B100C8C83D /* Cell */ = {
			isa = PBXGroup;
			children = (
				87F1552E21ADC40600C8C83D /* CommentCell.swift */,
				87F1552F21ADC40600C8C83D /* CommentCell.xib */,
			);
			path = Cell;
			sourceTree = "<group>";
		};
		87F1552921ADC2B100C8C83D /* Presenter */ = {
			isa = PBXGroup;
			children = (
				87207A4921B011A700739E4D /* CommentsFeedPresenter.swift */,
			);
			path = Presenter;
			sourceTree = "<group>";
		};
		B5926B60838E137CD240D676 /* Pods */ = {
			isa = PBXGroup;
			children = (
				009454D3CDAB56B54683D654 /* Pods-Comments.debug.xcconfig */,
				E33FEAB2724388985084A031 /* Pods-Comments.release.xcconfig */,
			);
			name = Pods;
			sourceTree = "<group>";
		};
/* End PBXGroup section */

/* Begin PBXNativeTarget section */
		87B015CD21ADA20200FC47FA /* Comments */ = {
			isa = PBXNativeTarget;
			buildConfigurationList = 87B015E021ADA20400FC47FA /* Build configuration list for PBXNativeTarget "Comments" */;
			buildPhases = (
				2CCF24091FF0301435A09751 /* [CP] Check Pods Manifest.lock */,
				87B015CA21ADA20200FC47FA /* Sources */,
				87B015CB21ADA20200FC47FA /* Frameworks */,
				87B015CC21ADA20200FC47FA /* Resources */,
				A7983FD4BAF2822C48159F0C /* [CP] Embed Pods Frameworks */,
			);
			buildRules = (
			);
			dependencies = (
			);
			name = Comments;
			productName = "One com comments";
			productReference = 87B015CE21ADA20200FC47FA /* Comments.app */;
			productType = "com.apple.product-type.application";
		};
/* End PBXNativeTarget section */

/* Begin PBXProject section */
		87B015C621ADA20200FC47FA /* Project object */ = {
			isa = PBXProject;
			attributes = {
				LastSwiftUpdateCheck = 1000;
				LastUpgradeCheck = 1000;
				ORGANIZATIONNAME = Rumberos;
				TargetAttributes = {
					87B015CD21ADA20200FC47FA = {
						CreatedOnToolsVersion = 10.0;
					};
				};
			};
			buildConfigurationList = 87B015C921ADA20200FC47FA /* Build configuration list for PBXProject "One com comments" */;
			compatibilityVersion = "Xcode 9.3";
			developmentRegion = en;
			hasScannedForEncodings = 0;
			knownRegions = (
				en,
				Base,
			);
			mainGroup = 87B015C521ADA20200FC47FA;
			productRefGroup = 87B015CF21ADA20200FC47FA /* Products */;
			projectDirPath = "";
			projectRoot = "";
			targets = (
				87B015CD21ADA20200FC47FA /* Comments */,
			);
		};
/* End PBXProject section */

/* Begin PBXResourcesBuildPhase section */
		87B015CC21ADA20200FC47FA /* Resources */ = {
			isa = PBXResourcesBuildPhase;
			buildActionMask = 2147483647;
			files = (
				87F1553121ADC40600C8C83D /* CommentCell.xib in Resources */,
				87F1552D21ADC2E900C8C83D /* CommentsFeedViewController.xib in Resources */,
				87AB19E121AFE152008A7990 /* LeaveCommentView.xib in Resources */,
				87F1551B21ADAAED00C8C83D /* LoginViewController.xib in Resources */,
				87F1552221ADB0ED00C8C83D /* LaunchScreen.xib in Resources */,
				87B015ED21ADA24E00FC47FA /* Assets.xcassets in Resources */,
				87AB19E421AFF90F008A7990 /* GoogleService-Info.plist in Resources */,
			);
			runOnlyForDeploymentPostprocessing = 0;
		};
/* End PBXResourcesBuildPhase section */

/* Begin PBXShellScriptBuildPhase section */
		2CCF24091FF0301435A09751 /* [CP] Check Pods Manifest.lock */ = {
			isa = PBXShellScriptBuildPhase;
			buildActionMask = 2147483647;
			files = (
			);
			inputFileListPaths = (
			);
			inputPaths = (
				"${PODS_PODFILE_DIR_PATH}/Podfile.lock",
				"${PODS_ROOT}/Manifest.lock",
			);
			name = "[CP] Check Pods Manifest.lock";
			outputFileListPaths = (
			);
			outputPaths = (
				"$(DERIVED_FILE_DIR)/Pods-Comments-checkManifestLockResult.txt",
			);
			runOnlyForDeploymentPostprocessing = 0;
			shellPath = /bin/sh;
			shellScript = "diff \"${PODS_PODFILE_DIR_PATH}/Podfile.lock\" \"${PODS_ROOT}/Manifest.lock\" > /dev/null\nif [ $? != 0 ] ; then\n    # print error to STDERR\n    echo \"error: The sandbox is not in sync with the Podfile.lock. Run 'pod install' or update your CocoaPods installation.\" >&2\n    exit 1\nfi\n# This output is used by Xcode 'outputs' to avoid re-running this script phase.\necho \"SUCCESS\" > \"${SCRIPT_OUTPUT_FILE_0}\"\n";
			showEnvVarsInLog = 0;
		};
		A7983FD4BAF2822C48159F0C /* [CP] Embed Pods Frameworks */ = {
			isa = PBXShellScriptBuildPhase;
			buildActionMask = 2147483647;
			files = (
			);
			inputFileListPaths = (
			);
			inputPaths = (
				"${SRCROOT}/Pods/Target Support Files/Pods-Comments/Pods-Comments-frameworks.sh",
				"${BUILT_PRODUCTS_DIR}/GTMSessionFetcher/GTMSessionFetcher.framework",
				"${BUILT_PRODUCTS_DIR}/GoogleUtilities/GoogleUtilities.framework",
				"${BUILT_PRODUCTS_DIR}/SDWebImage/SDWebImage.framework",
				"${BUILT_PRODUCTS_DIR}/leveldb-library/leveldb.framework",
				"${BUILT_PRODUCTS_DIR}/nanopb/nanopb.framework",
			);
			name = "[CP] Embed Pods Frameworks";
			outputFileListPaths = (
			);
			outputPaths = (
				"${TARGET_BUILD_DIR}/${FRAMEWORKS_FOLDER_PATH}/GTMSessionFetcher.framework",
				"${TARGET_BUILD_DIR}/${FRAMEWORKS_FOLDER_PATH}/GoogleUtilities.framework",
				"${TARGET_BUILD_DIR}/${FRAMEWORKS_FOLDER_PATH}/SDWebImage.framework",
				"${TARGET_BUILD_DIR}/${FRAMEWORKS_FOLDER_PATH}/leveldb.framework",
				"${TARGET_BUILD_DIR}/${FRAMEWORKS_FOLDER_PATH}/nanopb.framework",
			);
			runOnlyForDeploymentPostprocessing = 0;
			shellPath = /bin/sh;
			shellScript = "\"${SRCROOT}/Pods/Target Support Files/Pods-Comments/Pods-Comments-frameworks.sh\"\n";
			showEnvVarsInLog = 0;
		};
/* End PBXShellScriptBuildPhase section */

/* Begin PBXSourcesBuildPhase section */
		87B015CA21ADA20200FC47FA /* Sources */ = {
			isa = PBXSourcesBuildPhase;
			buildActionMask = 2147483647;
			files = (
				87AB19DF21AFE13C008A7990 /* LeaveCommentView.swift in Sources */,
				87F1552C21ADC2E900C8C83D /* CommentsFeedViewController.swift in Sources */,
				87F1552021ADAAFB00C8C83D /* LoginView.swift in Sources */,
				87AB19D921AEAA54008A7990 /* Coordinator.swift in Sources */,
				87F1551E21ADAAF500C8C83D /* LoginViewPresenter.swift in Sources */,
				87F1551C21ADAAED00C8C83D /* LoginViewController.swift in Sources */,
				87B015EB21ADA24E00FC47FA /* AppDelegate.swift in Sources */,
				87F1553021ADC40600C8C83D /* CommentCell.swift in Sources */,
				87F1552621ADB93B00C8C83D /* MediaCaptureSelectionFlow.swift in Sources */,
				87F1551821ADA96600C8C83D /* PresenterBase.swift in Sources */,
				87207A4A21B011A700739E4D /* CommentsFeedPresenter.swift in Sources */,
				87F1551621ADA95D00C8C83D /* ViewControllerBase.swift in Sources */,
				87AB19DC21AEAADA008A7990 /* ApplicationFlowCoordinator.swift in Sources */,
				87207A4821B001A600739E4D /* CommentsRepository.swift in Sources */,
			);
			runOnlyForDeploymentPostprocessing = 0;
		};
/* End PBXSourcesBuildPhase section */

/* Begin XCBuildConfiguration section */
		87B015DE21ADA20400FC47FA /* Debug */ = {
			isa = XCBuildConfiguration;
			buildSettings = {
				ALWAYS_SEARCH_USER_PATHS = NO;
				CLANG_ANALYZER_NONNULL = YES;
				CLANG_ANALYZER_NUMBER_OBJECT_CONVERSION = YES_AGGRESSIVE;
				CLANG_CXX_LANGUAGE_STANDARD = "gnu++14";
				CLANG_CXX_LIBRARY = "libc++";
				CLANG_ENABLE_MODULES = YES;
				CLANG_ENABLE_OBJC_ARC = YES;
				CLANG_ENABLE_OBJC_WEAK = YES;
				CLANG_WARN_BLOCK_CAPTURE_AUTORELEASING = YES;
				CLANG_WARN_BOOL_CONVERSION = YES;
				CLANG_WARN_COMMA = YES;
				CLANG_WARN_CONSTANT_CONVERSION = YES;
				CLANG_WARN_DEPRECATED_OBJC_IMPLEMENTATIONS = YES;
				CLANG_WARN_DIRECT_OBJC_ISA_USAGE = YES_ERROR;
				CLANG_WARN_DOCUMENTATION_COMMENTS = YES;
				CLANG_WARN_EMPTY_BODY = YES;
				CLANG_WARN_ENUM_CONVERSION = YES;
				CLANG_WARN_INFINITE_RECURSION = YES;
				CLANG_WARN_INT_CONVERSION = YES;
				CLANG_WARN_NON_LITERAL_NULL_CONVERSION = YES;
				CLANG_WARN_OBJC_IMPLICIT_RETAIN_SELF = YES;
				CLANG_WARN_OBJC_LITERAL_CONVERSION = YES;
				CLANG_WARN_OBJC_ROOT_CLASS = YES_ERROR;
				CLANG_WARN_RANGE_LOOP_ANALYSIS = YES;
				CLANG_WARN_STRICT_PROTOTYPES = YES;
				CLANG_WARN_SUSPICIOUS_MOVE = YES;
				CLANG_WARN_UNGUARDED_AVAILABILITY = YES_AGGRESSIVE;
				CLANG_WARN_UNREACHABLE_CODE = YES;
				CLANG_WARN__DUPLICATE_METHOD_MATCH = YES;
				CODE_SIGN_IDENTITY = "iPhone Developer";
				COPY_PHASE_STRIP = NO;
				DEBUG_INFORMATION_FORMAT = dwarf;
				ENABLE_STRICT_OBJC_MSGSEND = YES;
				ENABLE_TESTABILITY = YES;
				GCC_C_LANGUAGE_STANDARD = gnu11;
				GCC_DYNAMIC_NO_PIC = NO;
				GCC_NO_COMMON_BLOCKS = YES;
				GCC_OPTIMIZATION_LEVEL = 0;
				GCC_PREPROCESSOR_DEFINITIONS = (
					"DEBUG=1",
					"$(inherited)",
				);
				GCC_WARN_64_TO_32_BIT_CONVERSION = YES;
				GCC_WARN_ABOUT_RETURN_TYPE = YES_ERROR;
				GCC_WARN_UNDECLARED_SELECTOR = YES;
				GCC_WARN_UNINITIALIZED_AUTOS = YES_AGGRESSIVE;
				GCC_WARN_UNUSED_FUNCTION = YES;
				GCC_WARN_UNUSED_VARIABLE = YES;
				IPHONEOS_DEPLOYMENT_TARGET = 12.0;
				MTL_ENABLE_DEBUG_INFO = INCLUDE_SOURCE;
				MTL_FAST_MATH = YES;
				ONLY_ACTIVE_ARCH = YES;
				SDKROOT = iphoneos;
				SWIFT_ACTIVE_COMPILATION_CONDITIONS = DEBUG;
				SWIFT_OPTIMIZATION_LEVEL = "-Onone";
			};
			name = Debug;
		};
		87B015DF21ADA20400FC47FA /* Release */ = {
			isa = XCBuildConfiguration;
			buildSettings = {
				ALWAYS_SEARCH_USER_PATHS = NO;
				CLANG_ANALYZER_NONNULL = YES;
				CLANG_ANALYZER_NUMBER_OBJECT_CONVERSION = YES_AGGRESSIVE;
				CLANG_CXX_LANGUAGE_STANDARD = "gnu++14";
				CLANG_CXX_LIBRARY = "libc++";
				CLANG_ENABLE_MODULES = YES;
				CLANG_ENABLE_OBJC_ARC = YES;
				CLANG_ENABLE_OBJC_WEAK = YES;
				CLANG_WARN_BLOCK_CAPTURE_AUTORELEASING = YES;
				CLANG_WARN_BOOL_CONVERSION = YES;
				CLANG_WARN_COMMA = YES;
				CLANG_WARN_CONSTANT_CONVERSION = YES;
				CLANG_WARN_DEPRECATED_OBJC_IMPLEMENTATIONS = YES;
				CLANG_WARN_DIRECT_OBJC_ISA_USAGE = YES_ERROR;
				CLANG_WARN_DOCUMENTATION_COMMENTS = YES;
				CLANG_WARN_EMPTY_BODY = YES;
				CLANG_WARN_ENUM_CONVERSION = YES;
				CLANG_WARN_INFINITE_RECURSION = YES;
				CLANG_WARN_INT_CONVERSION = YES;
				CLANG_WARN_NON_LITERAL_NULL_CONVERSION = YES;
				CLANG_WARN_OBJC_IMPLICIT_RETAIN_SELF = YES;
				CLANG_WARN_OBJC_LITERAL_CONVERSION = YES;
				CLANG_WARN_OBJC_ROOT_CLASS = YES_ERROR;
				CLANG_WARN_RANGE_LOOP_ANALYSIS = YES;
				CLANG_WARN_STRICT_PROTOTYPES = YES;
				CLANG_WARN_SUSPICIOUS_MOVE = YES;
				CLANG_WARN_UNGUARDED_AVAILABILITY = YES_AGGRESSIVE;
				CLANG_WARN_UNREACHABLE_CODE = YES;
				CLANG_WARN__DUPLICATE_METHOD_MATCH = YES;
				CODE_SIGN_IDENTITY = "iPhone Developer";
				COPY_PHASE_STRIP = NO;
				DEBUG_INFORMATION_FORMAT = "dwarf-with-dsym";
				ENABLE_NS_ASSERTIONS = NO;
				ENABLE_STRICT_OBJC_MSGSEND = YES;
				GCC_C_LANGUAGE_STANDARD = gnu11;
				GCC_NO_COMMON_BLOCKS = YES;
				GCC_WARN_64_TO_32_BIT_CONVERSION = YES;
				GCC_WARN_ABOUT_RETURN_TYPE = YES_ERROR;
				GCC_WARN_UNDECLARED_SELECTOR = YES;
				GCC_WARN_UNINITIALIZED_AUTOS = YES_AGGRESSIVE;
				GCC_WARN_UNUSED_FUNCTION = YES;
				GCC_WARN_UNUSED_VARIABLE = YES;
				IPHONEOS_DEPLOYMENT_TARGET = 12.0;
				MTL_ENABLE_DEBUG_INFO = NO;
				MTL_FAST_MATH = YES;
				SDKROOT = iphoneos;
				SWIFT_COMPILATION_MODE = wholemodule;
				SWIFT_OPTIMIZATION_LEVEL = "-O";
				VALIDATE_PRODUCT = YES;
			};
			name = Release;
		};
		87B015E121ADA20400FC47FA /* Debug */ = {
			isa = XCBuildConfiguration;
			baseConfigurationReference = 009454D3CDAB56B54683D654 /* Pods-Comments.debug.xcconfig */;
			buildSettings = {
				ASSETCATALOG_COMPILER_APPICON_NAME = AppIcon;
				CODE_SIGN_STYLE = Automatic;
				DEVELOPMENT_TEAM = 7UJR3R8VME;
				INFOPLIST_FILE = "$(SRCROOT)/One com comments/Application/Info.plist";
				LD_RUNPATH_SEARCH_PATHS = (
					"$(inherited)",
					"@executable_path/Frameworks",
				);
				PRODUCT_BUNDLE_IDENTIFIER = "com.zest-demo";
				PRODUCT_NAME = "$(TARGET_NAME)";
				SWIFT_VERSION = 4.2;
				TARGETED_DEVICE_FAMILY = "1,2";
			};
			name = Debug;
		};
		87B015E221ADA20400FC47FA /* Release */ = {
			isa = XCBuildConfiguration;
			baseConfigurationReference = E33FEAB2724388985084A031 /* Pods-Comments.release.xcconfig */;
			buildSettings = {
				ASSETCATALOG_COMPILER_APPICON_NAME = AppIcon;
				CODE_SIGN_STYLE = Automatic;
				DEVELOPMENT_TEAM = 7UJR3R8VME;
				INFOPLIST_FILE = "$(SRCROOT)/One com comments/Application/Info.plist";
				LD_RUNPATH_SEARCH_PATHS = (
					"$(inherited)",
					"@executable_path/Frameworks",
				);
				PRODUCT_BUNDLE_IDENTIFIER = "com.zest-demo";
				PRODUCT_NAME = "$(TARGET_NAME)";
				SWIFT_VERSION = 4.2;
				TARGETED_DEVICE_FAMILY = "1,2";
			};
			name = Release;
		};
/* End XCBuildConfiguration section */

/* Begin XCConfigurationList section */
		87B015C921ADA20200FC47FA /* Build configuration list for PBXProject "One com comments" */ = {
			isa = XCConfigurationList;
			buildConfigurations = (
				87B015DE21ADA20400FC47FA /* Debug */,
				87B015DF21ADA20400FC47FA /* Release */,
			);
			defaultConfigurationIsVisible = 0;
			defaultConfigurationName = Release;
		};
		87B015E021ADA20400FC47FA /* Build configuration list for PBXNativeTarget "Comments" */ = {
			isa = XCConfigurationList;
			buildConfigurations = (
				87B015E121ADA20400FC47FA /* Debug */,
				87B015E221ADA20400FC47FA /* Release */,
			);
			defaultConfigurationIsVisible = 0;
			defaultConfigurationName = Release;
		};
/* End XCConfigurationList section */
	};
	rootObject = 87B015C621ADA20200FC47FA /* Project object */;
}
